
Microsoft Visual Studio Solution File, Format Version 12.00
# Visual Studio Version 17
VisualStudioVersion = 17.0.32014.148
MinimumVisualStudioVersion = 10.0.40219.1
Project("{FAE04EC0-301F-11D3-BF4B-00C04F79EFBC}") = "AnodeMeter", "AnodeMeter\AnodeMeter.csproj", "{E01F785F-F245-4679-A57D-E584F01247A0}"
EndProject
Project("{FAE04EC0-301F-11D3-BF4B-00C04F79EFBC}") = "ESP8266Library", "ESP8266Library\ESP8266Library.csproj", "{BE29B5BF-549D-4759-8063-1215C04D358F}"
EndProject
Project("{FAE04EC0-301F-11D3-BF4B-00C04F79EFBC}") = "AnodeMeter.Extensions", "AnodeMeter.Extensions\AnodeMeter.Extensions.csproj", "{04151283-B0AD-4E13-ABBA-DC55D5F93891}"
EndProject
Global
	GlobalSection(SolutionConfigurationPlatforms) = preSolution
		Debug|Any CPU = Debug|Any CPU
		Release|Any CPU = Release|Any CPU
	EndGlobalSection
	GlobalSection(ProjectConfigurationPlatforms) = postSolution
		{E01F785F-F245-4679-A57D-E584F01247A0}.Debug|Any CPU.ActiveCfg = Debug|Any CPU
		{E01F785F-F245-4679-A57D-E584F01247A0}.Debug|Any CPU.Build.0 = Debug|Any CPU
		{E01F785F-F245-4679-A57D-E584F01247A0}.Debug|Any CPU.Deploy.0 = Debug|Any CPU
		{E01F785F-F245-4679-A57D-E584F01247A0}.Release|Any CPU.ActiveCfg = Release|Any CPU
		{E01F785F-F245-4679-A57D-E584F01247A0}.Release|Any CPU.Build.0 = Release|Any CPU
		{E01F785F-F245-4679-A57D-E584F01247A0}.Release|Any CPU.Deploy.0 = Release|Any CPU
		{BE29B5BF-549D-4759-8063-1215C04D358F}.Debug|Any CPU.ActiveCfg = Debug|Any CPU
		{BE29B5BF-549D-4759-8063-1215C04D358F}.Debug|Any CPU.Build.0 = Debug|Any CPU
		{BE29B5BF-549D-4759-8063-1215C04D358F}.Release|Any CPU.ActiveCfg = Release|Any CPU
		{BE29B5BF-549D-4759-8063-1215C04D358F}.Release|Any CPU.Build.0 = Release|Any CPU
		{04151283-B0AD-4E13-ABBA-DC55D5F93891}.Debug|Any CPU.ActiveCfg = Debug|Any CPU
		{04151283-B0AD-4E13-ABBA-DC55D5F93891}.Debug|Any CPU.Build.0 = Debug|Any CPU
		{04151283-B0AD-4E13-ABBA-DC55D5F93891}.Release|Any CPU.ActiveCfg = Release|Any CPU
		{04151283-B0AD-4E13-ABBA-DC55D5F93891}.Release|Any CPU.Build.0 = Release|Any CPU
	EndGlobalSection
	GlobalSection(SolutionProperties) = preSolution
		HideSolutionNode = FALSE
	EndGlobalSection
	GlobalSection(ExtensibilityGlobals) = postSolution
		SolutionGuid = {847EF208-67AE-442F-BE00-7C58342CCEA6}
	EndGlobalSection
EndGlobal
